{
  "name": "nosemiops",
  "version": "1.0.0",
  "lockfileVersion": 2,
  "requires": true,
  "packages": {
    "": {
      "name": "nosemiops",
      "version": "1.0.0",
      "license": "ISC",
      "dependencies": {
        "nosemiops": "^1.0.0"
      }
    },
    "node_modules/nosemiops": {
      "version": "1.0.0",
      "resolved": "https://registry.npmjs.org/nosemiops/-/nosemiops-1.0.0.tgz",
      "integrity": "sha512-oH5xe6cp+znS+ouAPS3Uj5s8OSrh21S+A9Q1hxGOv9uUVgKGIq8utdYs5XrOV/pDhAKuKwSNVadazc6WqXpO5A=="
    }
  },
  "dependencies": {
    "nosemiops": {
      "version": "1.0.0",
      "resolved": "https://registry.npmjs.org/nosemiops/-/nosemiops-1.0.0.tgz",
      "integrity": "sha512-oH5xe6cp+znS+ouAPS3Uj5s8OSrh21S+A9Q1hxGOv9uUVgKGIq8utdYs5XrOV/pDhAKuKwSNVadazc6WqXpO5A=="
    }
  }
}
